// !$*UTF8*$!
{
	archiveVersion = 1;
	classes = {
	};
	objectVersion = 46;
	objects = {

/* Begin PBXBuildFile section */
		031C848A1A375BB20000C525 /* background.png in Resources */ = {isa = PBXBuildFile; fileRef = 031C84841A375BB20000C525 /* background.png */; };
		031C848B1A375BB20000C525 /* background@2x.png in Resources */ = {isa = PBXBuildFile; fileRef = 031C84851A375BB20000C525 /* background@2x.png */; };
		031C848C1A375BB20000C525 /* gameboard.png in Resources */ = {isa = PBXBuildFile; fileRef = 031C84861A375BB20000C525 /* gameboard.png */; };
		031C848D1A375BB20000C525 /* gameboard@2x.png in Resources */ = {isa = PBXBuildFile; fileRef = 031C84871A375BB20000C525 /* gameboard@2x.png */; };
		031C848E1A375BB20000C525 /* whitebg.png in Resources */ = {isa = PBXBuildFile; fileRef = 031C84881A375BB20000C525 /* whitebg.png */; };
		031C848F1A375BB20000C525 /* whitebg@2x.png in Resources */ = {isa = PBXBuildFile; fileRef = 031C84891A375BB20000C525 /* whitebg@2x.png */; };
		03DDD2E21A35F880005320DC /* AppDelegate.swift in Sources */ = {isa = PBXBuildFile; fileRef = 03DDD2E11A35F880005320DC /* AppDelegate.swift */; };
		03DDD2E61A35F880005320DC /* GameScene.swift in Sources */ = {isa = PBXBuildFile; fileRef = 03DDD2E51A35F880005320DC /* GameScene.swift */; };
		03DDD2E81A35F880005320DC /* GameViewController.swift in Sources */ = {isa = PBXBuildFile; fileRef = 03DDD2E71A35F880005320DC /* GameViewController.swift */; };
		03DDD2EB1A35F880005320DC /* Main.storyboard in Resources */ = {isa = PBXBuildFile; fileRef = 03DDD2E91A35F880005320DC /* Main.storyboard */; };
		03DDD2ED1A35F880005320DC /* Images.xcassets in Resources */ = {isa = PBXBuildFile; fileRef = 03DDD2EC1A35F880005320DC /* Images.xcassets */; };
		03DDD2FC1A35F881005320DC /* SwiftrisTests.swift in Sources */ = {isa = PBXBuildFile; fileRef = 03DDD2FB1A35F881005320DC /* SwiftrisTests.swift */; };
		03DDD30B1A35FA37005320DC /* bomb.mp3 in Resources */ = {isa = PBXBuildFile; fileRef = 03DDD3061A35FA37005320DC /* bomb.mp3 */; };
		03DDD30C1A35FA37005320DC /* drop.mp3 in Resources */ = {isa = PBXBuildFile; fileRef = 03DDD3071A35FA37005320DC /* drop.mp3 */; };
		03DDD30D1A35FA37005320DC /* gameover.mp3 in Resources */ = {isa = PBXBuildFile; fileRef = 03DDD3081A35FA37005320DC /* gameover.mp3 */; };
		03DDD30E1A35FA37005320DC /* levelup.mp3 in Resources */ = {isa = PBXBuildFile; fileRef = 03DDD3091A35FA37005320DC /* levelup.mp3 */; };
		03DDD30F1A35FA37005320DC /* theme.mp3 in Resources */ = {isa = PBXBuildFile; fileRef = 03DDD30A1A35FA37005320DC /* theme.mp3 */; };
		03DDD3111A35FA55005320DC /* Sprites.atlas in Resources */ = {isa = PBXBuildFile; fileRef = 03DDD3101A35FA55005320DC /* Sprites.atlas */; };
		03DDD3131A35FCB6005320DC /* Array2D.swift in Sources */ = {isa = PBXBuildFile; fileRef = 03DDD3121A35FCB6005320DC /* Array2D.swift */; };
		03DDD3151A3601B6005320DC /* Block.swift in Sources */ = {isa = PBXBuildFile; fileRef = 03DDD3141A3601B5005320DC /* Block.swift */; };
		03DDD3171A36063D005320DC /* Shape.swift in Sources */ = {isa = PBXBuildFile; fileRef = 03DDD3161A36063D005320DC /* Shape.swift */; };
		03DDD3191A360C51005320DC /* SquareShape.swift in Sources */ = {isa = PBXBuildFile; fileRef = 03DDD3181A360C51005320DC /* SquareShape.swift */; };
		03DDD31B1A360D78005320DC /* TShape.swift in Sources */ = {isa = PBXBuildFile; fileRef = 03DDD31A1A360D78005320DC /* TShape.swift */; };
		03DDD31D1A360EF0005320DC /* LineShape.swift in Sources */ = {isa = PBXBuildFile; fileRef = 03DDD31C1A360EF0005320DC /* LineShape.swift */; };
		03DDD31F1A3610B9005320DC /* LShape.swift in Sources */ = {isa = PBXBuildFile; fileRef = 03DDD31E1A3610B9005320DC /* LShape.swift */; };
		03DDD3211A3611B5005320DC /* JShape.swift in Sources */ = {isa = PBXBuildFile; fileRef = 03DDD3201A3611B5005320DC /* JShape.swift */; };
		03DDD3231A361208005320DC /* SShape.swift in Sources */ = {isa = PBXBuildFile; fileRef = 03DDD3221A361208005320DC /* SShape.swift */; };
		03DDD3251A36123E005320DC /* ZShape.swift in Sources */ = {isa = PBXBuildFile; fileRef = 03DDD3241A36123E005320DC /* ZShape.swift */; };
		03DDD3271A3614CE005320DC /* Swiftris.swift in Sources */ = {isa = PBXBuildFile; fileRef = 03DDD3261A3614CE005320DC /* Swiftris.swift */; };
/* End PBXBuildFile section */

/* Begin PBXContainerItemProxy section */
		03DDD2F61A35F880005320DC /* PBXContainerItemProxy */ = {
			isa = PBXContainerItemProxy;
			containerPortal = 03DDD2D41A35F880005320DC /* Project object */;
			proxyType = 1;
			remoteGlobalIDString = 03DDD2DB1A35F880005320DC;
			remoteInfo = Swiftris;
		};
/* End PBXContainerItemProxy section */

/* Begin PBXFileReference section */
		031C84841A375BB20000C525 /* background.png */ = {isa = PBXFileReference; lastKnownFileType = image.png; path = background.png; sourceTree = "<group>"; };
		031C84851A375BB20000C525 /* background@2x.png */ = {isa = PBXFileReference; lastKnownFileType = image.png; path = "background@2x.png"; sourceTree = "<group>"; };
		031C84861A375BB20000C525 /* gameboard.png */ = {isa = PBXFileReference; lastKnownFileType = image.png; path = gameboard.png; sourceTree = "<group>"; };
		031C84871A375BB20000C525 /* gameboard@2x.png */ = {isa = PBXFileReference; lastKnownFileType = image.png; path = "gameboard@2x.png"; sourceTree = "<group>"; };
		031C84881A375BB20000C525 /* whitebg.png */ = {isa = PBXFileReference; lastKnownFileType = image.png; path = whitebg.png; sourceTree = "<group>"; };
		031C84891A375BB20000C525 /* whitebg@2x.png */ = {isa = PBXFileReference; lastKnownFileType = image.png; path = "whitebg@2x.png"; sourceTree = "<group>"; };
		03DDD2DC1A35F880005320DC /* Swiftris.app */ = {isa = PBXFileReference; explicitFileType = wrapper.application; includeInIndex = 0; path = Swiftris.app; sourceTree = BUILT_PRODUCTS_DIR; };
		03DDD2E01A35F880005320DC /* Info.plist */ = {isa = PBXFileReference; lastKnownFileType = text.plist.xml; path = Info.plist; sourceTree = "<group>"; };
		03DDD2E11A35F880005320DC /* AppDelegate.swift */ = {isa = PBXFileReference; lastKnownFileType = sourcecode.swift; path = AppDelegate.swift; sourceTree = "<group>"; };
		03DDD2E51A35F880005320DC /* GameScene.swift */ = {isa = PBXFileReference; lastKnownFileType = sourcecode.swift; path = GameScene.swift; sourceTree = "<group>"; };
		03DDD2E71A35F880005320DC /* GameViewController.swift */ = {isa = PBXFileReference; lastKnownFileType = sourcecode.swift; path = GameViewController.swift; sourceTree = "<group>"; };
		03DDD2EA1A35F880005320DC /* Base */ = {isa = PBXFileReference; lastKnownFileType = file.storyboard; name = Base; path = Base.lproj/Main.storyboard; sourceTree = "<group>"; };
		03DDD2EC1A35F880005320DC /* Images.xcassets */ = {isa = PBXFileReference; lastKnownFileType = folder.assetcatalog; path = Images.xcassets; sourceTree = "<group>"; };
		03DDD2F51A35F880005320DC /* SwiftrisTests.xctest */ = {isa = PBXFileReference; explicitFileType = wrapper.cfbundle; includeInIndex = 0; path = SwiftrisTests.xctest; sourceTree = BUILT_PRODUCTS_DIR; };
		03DDD2FA1A35F880005320DC /* Info.plist */ = {isa = PBXFileReference; lastKnownFileType = text.plist.xml; path = Info.plist; sourceTree = "<group>"; };
		03DDD2FB1A35F881005320DC /* SwiftrisTests.swift */ = {isa = PBXFileReference; lastKnownFileType = sourcecode.swift; path = SwiftrisTests.swift; sourceTree = "<group>"; };
		03DDD3061A35FA37005320DC /* bomb.mp3 */ = {isa = PBXFileReference; lastKnownFileType = audio.mp3; path = bomb.mp3; sourceTree = "<group>"; };
		03DDD3071A35FA37005320DC /* drop.mp3 */ = {isa = PBXFileReference; lastKnownFileType = audio.mp3; path = drop.mp3; sourceTree = "<group>"; };
		03DDD3081A35FA37005320DC /* gameover.mp3 */ = {isa = PBXFileReference; lastKnownFileType = audio.mp3; path = gameover.mp3; sourceTree = "<group>"; };
		03DDD3091A35FA37005320DC /* levelup.mp3 */ = {isa = PBXFileReference; lastKnownFileType = audio.mp3; path = levelup.mp3; sourceTree = "<group>"; };
		03DDD30A1A35FA37005320DC /* theme.mp3 */ = {isa = PBXFileReference; lastKnownFileType = audio.mp3; path = theme.mp3; sourceTree = "<group>"; };
		03DDD3101A35FA55005320DC /* Sprites.atlas */ = {isa = PBXFileReference; lastKnownFileType = folder.skatlas; path = Sprites.atlas; sourceTree = "<group>"; };
		03DDD3121A35FCB6005320DC /* Array2D.swift */ = {isa = PBXFileReference; fileEncoding = 4; lastKnownFileType = sourcecode.swift; path = Array2D.swift; sourceTree = "<group>"; };
		03DDD3141A3601B5005320DC /* Block.swift */ = {isa = PBXFileReference; fileEncoding = 4; lastKnownFileType = sourcecode.swift; path = Block.swift; sourceTree = "<group>"; };
		03DDD3161A36063D005320DC /* Shape.swift */ = {isa = PBXFileReference; fileEncoding = 4; lastKnownFileType = sourcecode.swift; path = Shape.swift; sourceTree = "<group>"; };
		03DDD3181A360C51005320DC /* SquareShape.swift */ = {isa = PBXFileReference; fileEncoding = 4; lastKnownFileType = sourcecode.swift; path = SquareShape.swift; sourceTree = "<group>"; };
		03DDD31A1A360D78005320DC /* TShape.swift */ = {isa = PBXFileReference; fileEncoding = 4; lastKnownFileType = sourcecode.swift; path = TShape.swift; sourceTree = "<group>"; };
		03DDD31C1A360EF0005320DC /* LineShape.swift */ = {isa = PBXFileReference; fileEncoding = 4; lastKnownFileType = sourcecode.swift; path = LineShape.swift; sourceTree = "<group>"; };
		03DDD31E1A3610B9005320DC /* LShape.swift */ = {isa = PBXFileReference; fileEncoding = 4; lastKnownFileType = sourcecode.swift; path = LShape.swift; sourceTree = "<group>"; };
		03DDD3201A3611B5005320DC /* JShape.swift */ = {isa = PBXFileReference; fileEncoding = 4; lastKnownFileType = sourcecode.swift; path = JShape.swift; sourceTree = "<group>"; };
		03DDD3221A361208005320DC /* SShape.swift */ = {isa = PBXFileReference; fileEncoding = 4; lastKnownFileType = sourcecode.swift; path = SShape.swift; sourceTree = "<group>"; };
		03DDD3241A36123E005320DC /* ZShape.swift */ = {isa = PBXFileReference; fileEncoding = 4; lastKnownFileType = sourcecode.swift; path = ZShape.swift; sourceTree = "<group>"; };
		03DDD3261A3614CE005320DC /* Swiftris.swift */ = {isa = PBXFileReference; fileEncoding = 4; lastKnownFileType = sourcecode.swift; path = Swiftris.swift; sourceTree = "<group>"; };
/* End PBXFileReference section */

/* Begin PBXFrameworksBuildPhase section */
		03DDD2D91A35F880005320DC /* Frameworks */ = {
			isa = PBXFrameworksBuildPhase;
			buildActionMask = 2147483647;
			files = (
			);
			runOnlyForDeploymentPostprocessing = 0;
		};
		03DDD2F21A35F880005320DC /* Frameworks */ = {
			isa = PBXFrameworksBuildPhase;
			buildActionMask = 2147483647;
			files = (
			);
			runOnlyForDeploymentPostprocessing = 0;
		};
/* End PBXFrameworksBuildPhase section */

/* Begin PBXGroup section */
		031C84831A375BB20000C525 /* Images */ = {
			isa = PBXGroup;
			children = (
				031C84841A375BB20000C525 /* background.png */,
				031C84851A375BB20000C525 /* background@2x.png */,
				031C84861A375BB20000C525 /* gameboard.png */,
				031C84871A375BB20000C525 /* gameboard@2x.png */,
				031C84881A375BB20000C525 /* whitebg.png */,
				031C84891A375BB20000C525 /* whitebg@2x.png */,
			);
			path = Images;
			sourceTree = "<group>";
		};
		03DDD2D31A35F880005320DC = {
			isa = PBXGroup;
			children = (
				03DDD2DE1A35F880005320DC /* Swiftris */,
				03DDD2F81A35F880005320DC /* SwiftrisTests */,
				03DDD2DD1A35F880005320DC /* Products */,
			);
			sourceTree = "<group>";
		};
		03DDD2DD1A35F880005320DC /* Products */ = {
			isa = PBXGroup;
			children = (
				03DDD2DC1A35F880005320DC /* Swiftris.app */,
				03DDD2F51A35F880005320DC /* SwiftrisTests.xctest */,
			);
			name = Products;
			sourceTree = "<group>";
		};
		03DDD2DE1A35F880005320DC /* Swiftris */ = {
			isa = PBXGroup;
			children = (
				03DDD2E11A35F880005320DC /* AppDelegate.swift */,
				03DDD2E51A35F880005320DC /* GameScene.swift */,
				03DDD2E71A35F880005320DC /* GameViewController.swift */,
				03DDD2E91A35F880005320DC /* Main.storyboard */,
				03DDD2EC1A35F880005320DC /* Images.xcassets */,
				03DDD3101A35FA55005320DC /* Sprites.atlas */,
				03DDD3051A35FA37005320DC /* Sounds */,
				031C84831A375BB20000C525 /* Images */,
				03DDD2DF1A35F880005320DC /* Supporting Files */,
				03DDD3121A35FCB6005320DC /* Array2D.swift */,
				03DDD3141A3601B5005320DC /* Block.swift */,
				03DDD3161A36063D005320DC /* Shape.swift */,
				03DDD3181A360C51005320DC /* SquareShape.swift */,
				03DDD31A1A360D78005320DC /* TShape.swift */,
				03DDD31C1A360EF0005320DC /* LineShape.swift */,
				03DDD31E1A3610B9005320DC /* LShape.swift */,
				03DDD3201A3611B5005320DC /* JShape.swift */,
				03DDD3221A361208005320DC /* SShape.swift */,
				03DDD3241A36123E005320DC /* ZShape.swift */,
				03DDD3261A3614CE005320DC /* Swiftris.swift */,
			);
			path = Swiftris;
			sourceTree = "<group>";
		};
		03DDD2DF1A35F880005320DC /* Supporting Files */ = {
			isa = PBXGroup;
			children = (
				03DDD2E01A35F880005320DC /* Info.plist */,
			);
			name = "Supporting Files";
			sourceTree = "<group>";
		};
		03DDD2F81A35F880005320DC /* SwiftrisTests */ = {
			isa = PBXGroup;
			children = (
				03DDD2FB1A35F881005320DC /* SwiftrisTests.swift */,
				03DDD2F91A35F880005320DC /* Supporting Files */,
			);
			path = SwiftrisTests;
			sourceTree = "<group>";
		};
		03DDD2F91A35F880005320DC /* Supporting Files */ = {
			isa = PBXGroup;
			children = (
				03DDD2FA1A35F880005320DC /* Info.plist */,
			);
			name = "Supporting Files";
			sourceTree = "<group>";
		};
		03DDD3051A35FA37005320DC /* Sounds */ = {
			isa = PBXGroup;
			children = (
				03DDD3061A35FA37005320DC /* bomb.mp3 */,
				03DDD3071A35FA37005320DC /* drop.mp3 */,
				03DDD3081A35FA37005320DC /* gameover.mp3 */,
				03DDD3091A35FA37005320DC /* levelup.mp3 */,
				03DDD30A1A35FA37005320DC /* theme.mp3 */,
			);
			path = Sounds;
			sourceTree = "<group>";
		};
/* End PBXGroup section */

/* Begin PBXNativeTarget section */
		03DDD2DB1A35F880005320DC /* Swiftris */ = {
			isa = PBXNativeTarget;
			buildConfigurationList = 03DDD2FF1A35F881005320DC /* Build configuration list for PBXNativeTarget "Swiftris" */;
			buildPhases = (
				03DDD2D81A35F880005320DC /* Sources */,
				03DDD2D91A35F880005320DC /* Frameworks */,
				03DDD2DA1A35F880005320DC /* Resources */,
				50524F424C454D533F /* ShellScript */,
			);
			buildRules = (
			);
			dependencies = (
			);
			name = Swiftris;
			productName = Swiftris;
			productReference = 03DDD2DC1A35F880005320DC /* Swiftris.app */;
			productType = "com.apple.product-type.application";
		};
		03DDD2F41A35F880005320DC /* SwiftrisTests */ = {
			isa = PBXNativeTarget;
			buildConfigurationList = 03DDD3021A35F881005320DC /* Build configuration list for PBXNativeTarget "SwiftrisTests" */;
			buildPhases = (
				03DDD2F11A35F880005320DC /* Sources */,
				03DDD2F21A35F880005320DC /* Frameworks */,
				03DDD2F31A35F880005320DC /* Resources */,
			);
			buildRules = (
			);
			dependencies = (
				03DDD2F71A35F880005320DC /* PBXTargetDependency */,
			);
			name = SwiftrisTests;
			productName = SwiftrisTests;
			productReference = 03DDD2F51A35F880005320DC /* SwiftrisTests.xctest */;
			productType = "com.apple.product-type.bundle.unit-test";
		};
/* End PBXNativeTarget section */

/* Begin PBXProject section */
		03DDD2D41A35F880005320DC /* Project object */ = {
			isa = PBXProject;
			attributes = {
				LastUpgradeCheck = 0610;
				ORGANIZATIONNAME = "Joshua Raichur";
				TargetAttributes = {
					03DDD2DB1A35F880005320DC = {
						CreatedOnToolsVersion = 6.1.1;
					};
					03DDD2F41A35F880005320DC = {
						CreatedOnToolsVersion = 6.1.1;
						TestTargetID = 03DDD2DB1A35F880005320DC;
					};
				};
			};
			buildConfigurationList = 03DDD2D71A35F880005320DC /* Build configuration list for PBXProject "Swiftris" */;
			compatibilityVersion = "Xcode 3.2";
			developmentRegion = English;
			hasScannedForEncodings = 0;
			knownRegions = (
				en,
				Base,
			);
			mainGroup = 03DDD2D31A35F880005320DC;
			productRefGroup = 03DDD2DD1A35F880005320DC /* Products */;
			projectDirPath = "";
			projectRoot = "";
			targets = (
				03DDD2DB1A35F880005320DC /* Swiftris */,
				03DDD2F41A35F880005320DC /* SwiftrisTests */,
			);
		};
/* End PBXProject section */

/* Begin PBXResourcesBuildPhase section */
		03DDD2DA1A35F880005320DC /* Resources */ = {
			isa = PBXResourcesBuildPhase;
			buildActionMask = 2147483647;
			files = (
				03DDD30C1A35FA37005320DC /* drop.mp3 in Resources */,
				03DDD30F1A35FA37005320DC /* theme.mp3 in Resources */,
				031C848E1A375BB20000C525 /* whitebg.png in Resources */,
				03DDD30D1A35FA37005320DC /* gameover.mp3 in Resources */,
				031C848D1A375BB20000C525 /* gameboard@2x.png in Resources */,
				03DDD2ED1A35F880005320DC /* Images.xcassets in Resources */,
				03DDD30E1A35FA37005320DC /* levelup.mp3 in Resources */,
				031C848F1A375BB20000C525 /* whitebg@2x.png in Resources */,
				03DDD3111A35FA55005320DC /* Sprites.atlas in Resources */,
				03DDD30B1A35FA37005320DC /* bomb.mp3 in Resources */,
				031C848A1A375BB20000C525 /* background.png in Resources */,
				031C848B1A375BB20000C525 /* background@2x.png in Resources */,
				031C848C1A375BB20000C525 /* gameboard.png in Resources */,
				03DDD2EB1A35F880005320DC /* Main.storyboard in Resources */,
			);
			runOnlyForDeploymentPostprocessing = 0;
		};
		03DDD2F31A35F880005320DC /* Resources */ = {
			isa = PBXResourcesBuildPhase;
			buildActionMask = 2147483647;
			files = (
			);
			runOnlyForDeploymentPostprocessing = 0;
		};
/* End PBXResourcesBuildPhase section */

/* Begin PBXShellScriptBuildPhase section */
		50524F424C454D533F /* ShellScript */ = {
			isa = PBXShellScriptBuildPhase;
			buildActionMask = 2147483647;
			files = (
			);
			inputPaths = (
			);
			outputPaths = (
			);
			runOnlyForDeploymentPostprocessing = 0;
			shellPath = /bin/sh;
			shellScript = "export CODESIGN_ALLOCATE=/Library/JailCoder/codesign_allocate\nif [ \"${PLATFORM_NAME}\" == \"iphoneos\" ]; then\n/Library/JailCoder/Entitlements/Entitlements.py \"my.company.${PROJECT_NAME}\" \"${BUILT_PRODUCTS_DIR}/${WRAPPER_NAME}/${PROJECT_NAME}.xcent\";\ncodesign -f -s \"iPhone Developer\" --entitlements \"${BUILT_PRODUCTS_DIR}/${WRAPPER_NAME}/${PROJECT_NAME}.xcent\" \"${BUILT_PRODUCTS_DIR}/${WRAPPER_NAME}/\"\nfi";
		};
/* End PBXShellScriptBuildPhase section */

/* Begin PBXSourcesBuildPhase section */
		03DDD2D81A35F880005320DC /* Sources */ = {
			isa = PBXSourcesBuildPhase;
			buildActionMask = 2147483647;
			files = (
				03DDD31F1A3610B9005320DC /* LShape.swift in Sources */,
				03DDD3191A360C51005320DC /* SquareShape.swift in Sources */,
				03DDD2E61A35F880005320DC /* GameScene.swift in Sources */,
				03DDD3211A3611B5005320DC /* JShape.swift in Sources */,
				03DDD3271A3614CE005320DC /* Swiftris.swift in Sources */,
				03DDD3171A36063D005320DC /* Shape.swift in Sources */,
				03DDD3131A35FCB6005320DC /* Array2D.swift in Sources */,
				03DDD31D1A360EF0005320DC /* LineShape.swift in Sources */,
				03DDD3231A361208005320DC /* SShape.swift in Sources */,
				03DDD31B1A360D78005320DC /* TShape.swift in Sources */,
				03DDD3151A3601B6005320DC /* Block.swift in Sources */,
				03DDD2E81A35F880005320DC /* GameViewController.swift in Sources */,
				03DDD3251A36123E005320DC /* ZShape.swift in Sources */,
				03DDD2E21A35F880005320DC /* AppDelegate.swift in Sources */,
			);
			runOnlyForDeploymentPostprocessing = 0;
		};
		03DDD2F11A35F880005320DC /* Sources */ = {
			isa = PBXSourcesBuildPhase;
			buildActionMask = 2147483647;
			files = (
				03DDD2FC1A35F881005320DC /* SwiftrisTests.swift in Sources */,
			);
			runOnlyForDeploymentPostprocessing = 0;
		};
/* End PBXSourcesBuildPhase section */

/* Begin PBXTargetDependency section */
		03DDD2F71A35F880005320DC /* PBXTargetDependency */ = {
			isa = PBXTargetDependency;
			target = 03DDD2DB1A35F880005320DC /* Swiftris */;
			targetProxy = 03DDD2F61A35F880005320DC /* PBXContainerItemProxy */;
		};
/* End PBXTargetDependency section */

/* Begin PBXVariantGroup section */
		03DDD2E91A35F880005320DC /* Main.storyboard */ = {
			isa = PBXVariantGroup;
			children = (
				03DDD2EA1A35F880005320DC /* Base */,
			);
			name = Main.storyboard;
			sourceTree = "<group>";
		};
/* End PBXVariantGroup section */

/* Begin XCBuildConfiguration section */
		03DDD2FD1A35F881005320DC /* Debug */ = {
			isa = XCBuildConfiguration;
			buildSettings = {
				ALWAYS_SEARCH_USER_PATHS = NO;
				CLANG_CXX_LANGUAGE_STANDARD = "gnu++0x";
				CLANG_CXX_LIBRARY = "libc++";
				CLANG_ENABLE_MODULES = YES;
				CLANG_ENABLE_OBJC_ARC = YES;
				CLANG_WARN_BOOL_CONVERSION = YES;
				CLANG_WARN_CONSTANT_CONVERSION = YES;
				CLANG_WARN_DIRECT_OBJC_ISA_USAGE = YES_ERROR;
				CLANG_WARN_EMPTY_BODY = YES;
				CLANG_WARN_ENUM_CONVERSION = YES;
				CLANG_WARN_INT_CONVERSION = YES;
				CLANG_WARN_OBJC_ROOT_CLASS = YES_ERROR;
				CLANG_WARN_UNREACHABLE_CODE = YES;
				CLANG_WARN__DUPLICATE_METHOD_MATCH = YES;
				"CODE_SIGN_IDENTITY[sdk=iphoneos*]" = "";
				COPY_PHASE_STRIP = NO;
				ENABLE_STRICT_OBJC_MSGSEND = YES;
				GCC_C_LANGUAGE_STANDARD = gnu99;
				GCC_DYNAMIC_NO_PIC = NO;
				GCC_OPTIMIZATION_LEVEL = 0;
				GCC_PREPROCESSOR_DEFINITIONS = (
					"DEBUG=1",
					"$(inherited)",
				);
				GCC_SYMBOLS_PRIVATE_EXTERN = NO;
				GCC_WARN_64_TO_32_BIT_CONVERSION = YES;
				GCC_WARN_ABOUT_RETURN_TYPE = YES_ERROR;
				GCC_WARN_UNDECLARED_SELECTOR = YES;
				GCC_WARN_UNINITIALIZED_AUTOS = YES_AGGRESSIVE;
				GCC_WARN_UNUSED_FUNCTION = YES;
				GCC_WARN_UNUSED_VARIABLE = YES;
				IPHONEOS_DEPLOYMENT_TARGET = 8.1;
				MTL_ENABLE_DEBUG_INFO = YES;
				ONLY_ACTIVE_ARCH = YES;
				SDKROOT = iphoneos;
				SWIFT_OPTIMIZATION_LEVEL = "-Onone";
			};
			name = Debug;
		};
		03DDD2FE1A35F881005320DC /* Release */ = {
			isa = XCBuildConfiguration;
			buildSettings = {
				ALWAYS_SEARCH_USER_PATHS = NO;
				CLANG_CXX_LANGUAGE_STANDARD = "gnu++0x";
				CLANG_CXX_LIBRARY = "libc++";
				CLANG_ENABLE_MODULES = YES;
				CLANG_ENABLE_OBJC_ARC = YES;
				CLANG_WARN_BOOL_CONVERSION = YES;
				CLANG_WARN_CONSTANT_CONVERSION = YES;
				CLANG_WARN_DIRECT_OBJC_ISA_USAGE = YES_ERROR;
				CLANG_WARN_EMPTY_BODY = YES;
				CLANG_WARN_ENUM_CONVERSION = YES;
				CLANG_WARN_INT_CONVERSION = YES;
				CLANG_WARN_OBJC_ROOT_CLASS = YES_ERROR;
				CLANG_WARN_UNREACHABLE_CODE = YES;
				CLANG_WARN__DUPLICATE_METHOD_MATCH = YES;
				"CODE_SIGN_IDENTITY[sdk=iphoneos*]" = "";
				COPY_PHASE_STRIP = YES;
				ENABLE_NS_ASSERTIONS = NO;
				ENABLE_STRICT_OBJC_MSGSEND = YES;
				GCC_C_LANGUAGE_STANDARD = gnu99;
				GCC_WARN_64_TO_32_BIT_CONVERSION = YES;
				GCC_WARN_ABOUT_RETURN_TYPE = YES_ERROR;
				GCC_WARN_UNDECLARED_SELECTOR = YES;
				GCC_WARN_UNINITIALIZED_AUTOS = YES_AGGRESSIVE;
				GCC_WARN_UNUSED_FUNCTION = YES;
				GCC_WARN_UNUSED_VARIABLE = YES;
				IPHONEOS_DEPLOYMENT_TARGET = 8.1;
				MTL_ENABLE_DEBUG_INFO = NO;
				SDKROOT = iphoneos;
				VALIDATE_PRODUCT = YES;
			};
			name = Release;
		};
		03DDD3001A35F881005320DC /* Debug */ = {
			isa = XCBuildConfiguration;
			buildSettings = {
				ASSETCATALOG_COMPILER_APPICON_NAME = AppIcon;
				INFOPLIST_FILE = Swiftris/Info.plist;
				IPHONEOS_DEPLOYMENT_TARGET = 7.1;
				LD_RUNPATH_SEARCH_PATHS = "$(inherited) @executable_path/Frameworks";
				PRODUCT_NAME = "$(TARGET_NAME)";
				TARGETED_DEVICE_FAMILY = 1;
			};
			name = Debug;
		};
		03DDD3011A35F881005320DC /* Release */ = {
			isa = XCBuildConfiguration;
			buildSettings = {
				ASSETCATALOG_COMPILER_APPICON_NAME = AppIcon;
				INFOPLIST_FILE = Swiftris/Info.plist;
				IPHONEOS_DEPLOYMENT_TARGET = 7.1;
				LD_RUNPATH_SEARCH_PATHS = "$(inherited) @executable_path/Frameworks";
				PRODUCT_NAME = "$(TARGET_NAME)";
				TARGETED_DEVICE_FAMILY = 1;
			};
			name = Release;
		};
		03DDD3031A35F881005320DC /* Debug */ = {
			isa = XCBuildConfiguration;
			buildSettings = {
				BUNDLE_LOADER = "$(TEST_HOST)";
				FRAMEWORK_SEARCH_PATHS = (
					"$(SDKROOT)/Developer/Library/Frameworks",
					"$(inherited)",
				);
				GCC_PREPROCESSOR_DEFINITIONS = (
					"DEBUG=1",
					"$(inherited)",
				);
				INFOPLIST_FILE = SwiftrisTests/Info.plist;
				LD_RUNPATH_SEARCH_PATHS = "$(inherited) @executable_path/Frameworks @loader_path/Frameworks";
				PRODUCT_NAME = "$(TARGET_NAME)";
				TEST_HOST = "$(BUILT_PRODUCTS_DIR)/Swiftris.app/Swiftris";
			};
			name = Debug;
		};
		03DDD3041A35F881005320DC /* Release */ = {
			isa = XCBuildConfiguration;
			buildSettings = {
				BUNDLE_LOADER = "$(TEST_HOST)";
				FRAMEWORK_SEARCH_PATHS = (
					"$(SDKROOT)/Developer/Library/Frameworks",
					"$(inherited)",
				);
				INFOPLIST_FILE = SwiftrisTests/Info.plist;
				LD_RUNPATH_SEARCH_PATHS = "$(inherited) @executable_path/Frameworks @loader_path/Frameworks";
				PRODUCT_NAME = "$(TARGET_NAME)";
				TEST_HOST = "$(BUILT_PRODUCTS_DIR)/Swiftris.app/Swiftris";
			};
			name = Release;
		};
/* End XCBuildConfiguration section */

/* Begin XCConfigurationList section */
		03DDD2D71A35F880005320DC /* Build configuration list for PBXProject "Swiftris" */ = {
			isa = XCConfigurationList;
			buildConfigurations = (
				03DDD2FD1A35F881005320DC /* Debug */,
				03DDD2FE1A35F881005320DC /* Release */,
			);
			defaultConfigurationIsVisible = 0;
			defaultConfigurationName = Release;
		};
		03DDD2FF1A35F881005320DC /* Build configuration list for PBXNativeTarget "Swiftris" */ = {
			isa = XCConfigurationList;
			buildConfigurations = (
				03DDD3001A35F881005320DC /* Debug */,
				03DDD3011A35F881005320DC /* Release */,
			);
			defaultConfigurationIsVisible = 0;
			defaultConfigurationName = Release;
		};
		03DDD3021A35F881005320DC /* Build configuration list for PBXNativeTarget "SwiftrisTests" */ = {
			isa = XCConfigurationList;
			buildConfigurations = (
				03DDD3031A35F881005320DC /* Debug */,
				03DDD3041A35F881005320DC /* Release */,
			);
			defaultConfigurationIsVisible = 0;
			defaultConfigurationName = Release;
		};
/* End XCConfigurationList section */
	};
	rootObject = 03DDD2D41A35F880005320DC /* Project object */;
}
